
Microsoft Visual Studio Solution File, Format Version 12.00
# Visual Studio 14
VisualStudioVersion = 14.0.25123.0
MinimumVisualStudioVersion = 10.0.40219.1
Project("{FAE04EC0-301F-11D3-BF4B-00C04F79EFBC}") = "CarFuel.Models", "CarFuel.Models\CarFuel.Models.csproj", "{4110B8B8-BA01-4E64-BE9B-F63EEDBE31C2}"
EndProject
Project("{FAE04EC0-301F-11D3-BF4B-00C04F79EFBC}") = "CarFuel.Facts", "CarFuel.Facts\CarFuel.Facts.csproj", "{7D394BF6-BCEE-44BE-A129-B553F96BDB27}"
EndProject
Project("{2150E333-8FDC-42A3-9474-1A3956D46DE8}") = "Utils", "Utils", "{155D492A-3A5A-4DE1-9F44-026548D760EA}"
	ProjectSection(SolutionItems) = preProject
		test.bat = test.bat
		testui.bat = testui.bat
	EndProjectSection
EndProject
Project("{FAE04EC0-301F-11D3-BF4B-00C04F79EFBC}") = "CarFuel", "CarFuel\CarFuel.csproj", "{5A98FED3-B0E6-4B70-B997-CA5EA594A248}"
EndProject
Project("{F2A71F9B-5D33-465A-A702-920D77279786}") = "CarFuel.UITests", "CarFuel.UITests\CarFuel.UITests.fsproj", "{25B6AFE4-6791-487A-9B8D-A2AE8E561EBD}"
EndProject
Project("{FAE04EC0-301F-11D3-BF4B-00C04F79EFBC}") = "CarFuel.Services", "CarFuel.Services\CarFuel.Services.csproj", "{183C697E-6D62-4237-A082-0359C2884176}"
EndProject
Project("{FAE04EC0-301F-11D3-BF4B-00C04F79EFBC}") = "CarFuel.DataAccess", "CarFuel.DataAccess\CarFuel.DataAccess.csproj", "{57C73734-52F8-4CED-9EC1-A855D5990862}"
EndProject
Global
	GlobalSection(SolutionConfigurationPlatforms) = preSolution
		Debug|Any CPU = Debug|Any CPU
		Release|Any CPU = Release|Any CPU
	EndGlobalSection
	GlobalSection(ProjectConfigurationPlatforms) = postSolution
		{4110B8B8-BA01-4E64-BE9B-F63EEDBE31C2}.Debug|Any CPU.ActiveCfg = Debug|Any CPU
		{4110B8B8-BA01-4E64-BE9B-F63EEDBE31C2}.Debug|Any CPU.Build.0 = Debug|Any CPU
		{4110B8B8-BA01-4E64-BE9B-F63EEDBE31C2}.Release|Any CPU.ActiveCfg = Release|Any CPU
		{4110B8B8-BA01-4E64-BE9B-F63EEDBE31C2}.Release|Any CPU.Build.0 = Release|Any CPU
		{7D394BF6-BCEE-44BE-A129-B553F96BDB27}.Debug|Any CPU.ActiveCfg = Debug|Any CPU
		{7D394BF6-BCEE-44BE-A129-B553F96BDB27}.Debug|Any CPU.Build.0 = Debug|Any CPU
		{7D394BF6-BCEE-44BE-A129-B553F96BDB27}.Release|Any CPU.ActiveCfg = Release|Any CPU
		{7D394BF6-BCEE-44BE-A129-B553F96BDB27}.Release|Any CPU.Build.0 = Release|Any CPU
		{5A98FED3-B0E6-4B70-B997-CA5EA594A248}.Debug|Any CPU.ActiveCfg = Debug|Any CPU
		{5A98FED3-B0E6-4B70-B997-CA5EA594A248}.Debug|Any CPU.Build.0 = Debug|Any CPU
		{5A98FED3-B0E6-4B70-B997-CA5EA594A248}.Release|Any CPU.ActiveCfg = Release|Any CPU
		{5A98FED3-B0E6-4B70-B997-CA5EA594A248}.Release|Any CPU.Build.0 = Release|Any CPU
		{25B6AFE4-6791-487A-9B8D-A2AE8E561EBD}.Debug|Any CPU.ActiveCfg = Debug|Any CPU
		{25B6AFE4-6791-487A-9B8D-A2AE8E561EBD}.Debug|Any CPU.Build.0 = Debug|Any CPU
		{25B6AFE4-6791-487A-9B8D-A2AE8E561EBD}.Release|Any CPU.ActiveCfg = Release|Any CPU
		{25B6AFE4-6791-487A-9B8D-A2AE8E561EBD}.Release|Any CPU.Build.0 = Release|Any CPU
		{183C697E-6D62-4237-A082-0359C2884176}.Debug|Any CPU.ActiveCfg = Debug|Any CPU
		{183C697E-6D62-4237-A082-0359C2884176}.Debug|Any CPU.Build.0 = Debug|Any CPU
		{183C697E-6D62-4237-A082-0359C2884176}.Release|Any CPU.ActiveCfg = Release|Any CPU
		{183C697E-6D62-4237-A082-0359C2884176}.Release|Any CPU.Build.0 = Release|Any CPU
		{57C73734-52F8-4CED-9EC1-A855D5990862}.Debug|Any CPU.ActiveCfg = Debug|Any CPU
		{57C73734-52F8-4CED-9EC1-A855D5990862}.Debug|Any CPU.Build.0 = Debug|Any CPU
		{57C73734-52F8-4CED-9EC1-A855D5990862}.Release|Any CPU.ActiveCfg = Release|Any CPU
		{57C73734-52F8-4CED-9EC1-A855D5990862}.Release|Any CPU.Build.0 = Release|Any CPU
	EndGlobalSection
	GlobalSection(SolutionProperties) = preSolution
		HideSolutionNode = FALSE
	EndGlobalSection
EndGlobal
